<?xml version="1.0" encoding="utf-8"?>
<Project ToolsVersion="4.0" xmlns="http://schemas.microsoft.com/developer/msbuild/2003">
  <ItemGroup>
    <Filter Include="Source Files">
      <UniqueIdentifier>{4FC737F1-C7A5-4376-A066-2A32D752A2FF}</UniqueIdentifier>
      <Extensions>cpp;c;cc;cxx;def;odl;idl;hpj;bat;asm;asmx</Extensions>
    </Filter>
    <Filter Include="Driver Files">
      <UniqueIdentifier>{8E41214B-6785-4CFE-B992-037D68949A14}</UniqueIdentifier>
      <Extensions>inf;inv;inx;mof;mc;</Extensions>
    </Filter>
  </ItemGroup>
  <ItemGroup>
    <Inf Include="uart-driver.inf">
      <Filter>Driver Files</Filter>
    </Inf>
  </ItemGroup>
  <ItemGroup>
    <ClInclude Include="Trace.h" />
    <ClInclude Include="src\Device.h">
      <Filter>Source Files</Filter>
    </ClInclude>
    <ClInclude Include="src\Driver.h">
      <Filter>Source Files</Filter>
    </ClInclude>
    <ClInclude Include="src\Public.h">
      <Filter>Source Files</Filter>
    </ClInclude>
    <ClInclude Include="src\Uart.h">
      <Filter>Source Files</Filter>
    </ClInclude>
    <ClInclude Include="src\Power.h">
      <Filter>Source Files</Filter>
    </ClInclude>
    <ClInclude Include="src\Interrupt.h">
      <Filter>Source Files</Filter>
    </ClInclude>
    <ClInclude Include="src\Transmit.h">
      <Filter>Source Files</Filter>
    </ClInclude>
    <ClInclude Include="src\Receive.h">
      <Filter>Source Files</Filter>
    </ClInclude>
  </ItemGroup>
  <ItemGroup>
    <ClCompile Include="src\Device.c">
      <Filter>Source Files</Filter>
    </ClCompile>
    <ClCompile Include="src\Driver.c">
      <Filter>Source Files</Filter>
    </ClCompile>
    <ClCompile Include="src\Uart.c">
      <Filter>Source Files</Filter>
    </ClCompile>
    <ClCompile Include="src\Power.c">
      <Filter>Source Files</Filter>
    </ClCompile>
    <ClCompile Include="src\Interrupt.c">
      <Filter>Source Files</Filter>
    </ClCompile>
    <ClCompile Include="src\Transmit.c">
      <Filter>Source Files</Filter>
    </ClCompile>
    <ClCompile Include="src\Receive.c">
      <Filter>Source Files</Filter>
    </ClCompile>
  </ItemGroup>
  <ItemGroup>
    <Text Include="install-driver.txt" />
    <Text Include="wpp.txt" />
  </ItemGroup>
</Project>