<?xml version="1.0" encoding="utf-8"?>
<Project ToolsVersion="4.0" xmlns="http://schemas.microsoft.com/developer/msbuild/2003">
  <ItemGroup>
    <Filter Include="Source Files">
      <UniqueIdentifier>{4FC737F1-C7A5-4376-A066-2A32D752A2FF}</UniqueIdentifier>
      <Extensions>cpp;c;cc;cxx;def;odl;idl;hpj;bat;asm;asmx</Extensions>
    </Filter>
    <Filter Include="Driver Files">
      <UniqueIdentifier>{8E41214B-6785-4CFE-B992-037D68949A14}</UniqueIdentifier>
      <Extensions>inf;inv;inx;mof;mc;</Extensions>
    </Filter>
    <Filter Include="Source Files\bcm2836">
      <UniqueIdentifier>{e9120120-add0-44c8-a277-5a7151ec33f9}</UniqueIdentifier>
    </Filter>
    <Filter Include="Utils">
      <UniqueIdentifier>{8e8e665a-7dcb-45aa-9117-2019ad313901}</UniqueIdentifier>
    </Filter>
    <Filter Include="Docs">
      <UniqueIdentifier>{ae5e41bb-dd1d-4716-b133-0f4d7d50eec7}</UniqueIdentifier>
    </Filter>
  </ItemGroup>
  <ItemGroup>
    <Inf Include="uart-driver.inf">
      <Filter>Driver Files</Filter>
    </Inf>
  </ItemGroup>
  <ItemGroup>
    <ClInclude Include="Trace.h" />
    <ClInclude Include="src\Device.h">
      <Filter>Source Files</Filter>
    </ClInclude>
    <ClInclude Include="src\Driver.h">
      <Filter>Source Files</Filter>
    </ClInclude>
    <ClInclude Include="src\Public.h">
      <Filter>Source Files</Filter>
    </ClInclude>
    <ClInclude Include="src\Uart.h">
      <Filter>Source Files</Filter>
    </ClInclude>
    <ClInclude Include="src\Power.h">
      <Filter>Source Files</Filter>
    </ClInclude>
    <ClInclude Include="src\Interrupt.h">
      <Filter>Source Files</Filter>
    </ClInclude>
    <ClInclude Include="src\Transmit.h">
      <Filter>Source Files</Filter>
    </ClInclude>
    <ClInclude Include="src\Receive.h">
      <Filter>Source Files</Filter>
    </ClInclude>
    <ClInclude Include="src\bcm2836\Controller.h">
      <Filter>Source Files\bcm2836</Filter>
    </ClInclude>
    <ClInclude Include="src\CommonDefinitions.h">
      <Filter>Source Files</Filter>
    </ClInclude>
    <ClInclude Include="src\bcm2836\bcm2836Definitions.h">
      <Filter>Source Files\bcm2836</Filter>
    </ClInclude>
    <ClInclude Include="src\bcm2836\Registers.h">
      <Filter>Source Files\bcm2836</Filter>
    </ClInclude>
  </ItemGroup>
  <ItemGroup>
    <ClCompile Include="src\Device.c">
      <Filter>Source Files</Filter>
    </ClCompile>
    <ClCompile Include="src\Driver.c">
      <Filter>Source Files</Filter>
    </ClCompile>
    <ClCompile Include="src\Uart.c">
      <Filter>Source Files</Filter>
    </ClCompile>
    <ClCompile Include="src\Power.c">
      <Filter>Source Files</Filter>
    </ClCompile>
    <ClCompile Include="src\Interrupt.c">
      <Filter>Source Files</Filter>
    </ClCompile>
    <ClCompile Include="src\Transmit.c">
      <Filter>Source Files</Filter>
    </ClCompile>
    <ClCompile Include="src\Receive.c">
      <Filter>Source Files</Filter>
    </ClCompile>
    <ClCompile Include="src\bcm2836\Controller.c">
      <Filter>Source Files\bcm2836</Filter>
    </ClCompile>
  </ItemGroup>
  <ItemGroup>
    <None Include="utils\connect-home.ps1">
      <Filter>Utils</Filter>
    </None>
    <None Include="utils\connect-work.ps1">
      <Filter>Utils</Filter>
    </None>
    <None Include="utils\install.bat">
      <Filter>Utils</Filter>
    </None>
    <None Include="utils\remove.ps1">
      <Filter>Utils</Filter>
    </None>
    <None Include="utils\tracing.bat">
      <Filter>Utils</Filter>
    </None>
  </ItemGroup>
  <ItemGroup>
    <Text Include="docs\install-driver.txt">
      <Filter>Docs</Filter>
    </Text>
    <Text Include="docs\wpp.txt">
      <Filter>Docs</Filter>
    </Text>
  </ItemGroup>
</Project>