<?xml version="1.0" encoding="utf-8"?>
<Project ToolsVersion="4.0" xmlns="http://schemas.microsoft.com/developer/msbuild/2003">
  <ItemGroup>
    <Filter Include="Source Files">
      <UniqueIdentifier>{4FC737F1-C7A5-4376-A066-2A32D752A2FF}</UniqueIdentifier>
      <Extensions>cpp;c;cc;cxx;def;odl;idl;hpj;bat;asm;asmx</Extensions>
    </Filter>
  </ItemGroup>
  <ItemGroup>
    <ClInclude Include="DeviceDefinitions.h" />
    <ClInclude Include="src\CommonDefinitions.h">
      <Filter>Source Files</Filter>
    </ClInclude>
    <ClInclude Include="src\Device.h">
      <Filter>Source Files</Filter>
    </ClInclude>
    <ClInclude Include="src\Driver.h">
      <Filter>Source Files</Filter>
    </ClInclude>
    <ClInclude Include="src\Interrupt.h">
      <Filter>Source Files</Filter>
    </ClInclude>
    <ClInclude Include="src\Power.h">
      <Filter>Source Files</Filter>
    </ClInclude>
    <ClInclude Include="src\Public.h">
      <Filter>Source Files</Filter>
    </ClInclude>
    <ClInclude Include="src\Receive.h">
      <Filter>Source Files</Filter>
    </ClInclude>
    <ClInclude Include="src\SerCx2Utils.h">
      <Filter>Source Files</Filter>
    </ClInclude>
    <ClInclude Include="src\Transmit.h">
      <Filter>Source Files</Filter>
    </ClInclude>
    <ClInclude Include="..\Trace.h" />
  </ItemGroup>
  <ItemGroup>
    <ClCompile Include="src\Device.c">
      <Filter>Source Files</Filter>
    </ClCompile>
    <ClCompile Include="src\Driver.c">
      <Filter>Source Files</Filter>
    </ClCompile>
    <ClCompile Include="src\Interrupt.c">
      <Filter>Source Files</Filter>
    </ClCompile>
    <ClCompile Include="src\Power.c">
      <Filter>Source Files</Filter>
    </ClCompile>
    <ClCompile Include="src\Receive.c">
      <Filter>Source Files</Filter>
    </ClCompile>
    <ClCompile Include="src\SerCx2Utils.c">
      <Filter>Source Files</Filter>
    </ClCompile>
    <ClCompile Include="src\Transmit.c">
      <Filter>Source Files</Filter>
    </ClCompile>
  </ItemGroup>
</Project>